// !$*UTF8*$!
{
	archiveVersion = 1;
	classes = {
	};
	objectVersion = 54;
	objects = {

/* Begin PBXBuildFile section */
		378B38D82365C2A8002C5E8B /* CameraFilter.swift in Sources */ = {isa = PBXBuildFile; fileRef = 378B38D72365C2A8002C5E8B /* CameraFilter.swift */; };
		650950672B945FC400035C85 /* APIWrapper.swift in Sources */ = {isa = PBXBuildFile; fileRef = 650950662B945FC400035C85 /* APIWrapper.swift */; };
		6509506B2B9488AD00035C85 /* UserStrct.swift in Sources */ = {isa = PBXBuildFile; fileRef = 6509506A2B9488AD00035C85 /* UserStrct.swift */; };
		65182F312B8DFC3000199D36 /* beginnerlevelViewController.swift in Sources */ = {isa = PBXBuildFile; fileRef = 65182F302B8DFC3000199D36 /* beginnerlevelViewController.swift */; };
		651AD82C2B7B49E800D94D1B /* GeneralSettingsViewController.swift in Sources */ = {isa = PBXBuildFile; fileRef = 651AD82B2B7B49E800D94D1B /* GeneralSettingsViewController.swift */; };
		651E5C002BA4609C005DB71C /* CallTranscriptionViewController.swift in Sources */ = {isa = PBXBuildFile; fileRef = 651E5BFF2BA4609C005DB71C /* CallTranscriptionViewController.swift */; };
		651E5C0A2BA466DC005DB71C /* CallTranscriptionTableViewCell.swift in Sources */ = {isa = PBXBuildFile; fileRef = 651E5C092BA466DB005DB71C /* CallTranscriptionTableViewCell.swift */; };
		652C0AEE2BBC0A0C00D89A57 /* lessonsStrct.swift in Sources */ = {isa = PBXBuildFile; fileRef = 652C0AED2BBC0A0C00D89A57 /* lessonsStrct.swift */; };
		656168BB2B724FA70006E5D2 /* ContactsViewController.swift in Sources */ = {isa = PBXBuildFile; fileRef = 656168BA2B724FA70006E5D2 /* ContactsViewController.swift */; };
		656168BF2B72A80B0006E5D2 /* DetailedContactsTableViewCell.swift in Sources */ = {isa = PBXBuildFile; fileRef = 656168BE2B72A80B0006E5D2 /* DetailedContactsTableViewCell.swift */; };
		65736E5A2BD6C914001D7418 /* webSockets.swift in Sources */ = {isa = PBXBuildFile; fileRef = 65736E592BD6C914001D7418 /* webSockets.swift */; };
		6573B4772B716AAE000DD658 /* onlineContactsViewController.swift in Sources */ = {isa = PBXBuildFile; fileRef = 6573B4762B716AAE000DD658 /* onlineContactsViewController.swift */; };
		6573B4812B716DFA000DD658 /* ContactTableTableViewCell.swift in Sources */ = {isa = PBXBuildFile; fileRef = 6573B4802B716DFA000DD658 /* ContactTableTableViewCell.swift */; };
		6574CA852B8F197000B80C11 /* intermediatelevelViewController.swift in Sources */ = {isa = PBXBuildFile; fileRef = 6574CA842B8F197000B80C11 /* intermediatelevelViewController.swift */; };
		6574CA892B8F198E00B80C11 /* expertlevelViewController.swift in Sources */ = {isa = PBXBuildFile; fileRef = 6574CA882B8F198E00B80C11 /* expertlevelViewController.swift */; };
		6577F5102B78B650005AD8AD /* CustomSignsTableViewCell.swift in Sources */ = {isa = PBXBuildFile; fileRef = 6577F50F2B78B650005AD8AD /* CustomSignsTableViewCell.swift */; };
		6577F5142B78BB39005AD8AD /* CustomSignsViewController.swift in Sources */ = {isa = PBXBuildFile; fileRef = 6577F5132B78BB39005AD8AD /* CustomSignsViewController.swift */; };
		6577F51A2B78CE58005AD8AD /* AddCustomSignsViewController.swift in Sources */ = {isa = PBXBuildFile; fileRef = 6577F5192B78CE58005AD8AD /* AddCustomSignsViewController.swift */; };
		6577F5272B790EE9005AD8AD /* UploadCapturedImageViewController.swift in Sources */ = {isa = PBXBuildFile; fileRef = 6577F5262B790EE9005AD8AD /* UploadCapturedImageViewController.swift */; };
		657F46732B8FB3DD00B391A6 /* LessonsListViewController.swift in Sources */ = {isa = PBXBuildFile; fileRef = 657F46722B8FB3DD00B391A6 /* LessonsListViewController.swift */; };
		657F46782B8FB52300B391A6 /* Custom_LessonsListCollectionViewCell.swift in Sources */ = {isa = PBXBuildFile; fileRef = 657F46772B8FB52200B391A6 /* Custom_LessonsListCollectionViewCell.swift */; };
		65861D922B77ECF30038A38D /* FavoriteSignsTableViewCell.swift in Sources */ = {isa = PBXBuildFile; fileRef = 65861D912B77ECF30038A38D /* FavoriteSignsTableViewCell.swift */; };
		65861D982B77EEED0038A38D /* FavoriteLectureViewController.swift in Sources */ = {isa = PBXBuildFile; fileRef = 65861D972B77EEED0038A38D /* FavoriteLectureViewController.swift */; };
		658DBD8D2B7DE9B700F26D96 /* CallRecieverViewController.swift in Sources */ = {isa = PBXBuildFile; fileRef = 658DBD8C2B7DE9B700F26D96 /* CallRecieverViewController.swift */; };
		658E032F2B6F618100BEDE73 /* loginViewController.swift in Sources */ = {isa = PBXBuildFile; fileRef = 658E032E2B6F618100BEDE73 /* loginViewController.swift */; };
		658E03352B6FF72100BEDE73 /* LoginToAccountViewController.swift in Sources */ = {isa = PBXBuildFile; fileRef = 658E03342B6FF72100BEDE73 /* LoginToAccountViewController.swift */; };
		65960B9B2B70E1EE00BC6EB2 /* SignUpViewController.swift in Sources */ = {isa = PBXBuildFile; fileRef = 65960B9A2B70E1EE00BC6EB2 /* SignUpViewController.swift */; };
		65A01BB32B6E19D5007AC395 /* Assets.xcassets in Resources */ = {isa = PBXBuildFile; fileRef = 65A01BB22B6E19D5007AC395 /* Assets.xcassets */; };
		65A986DB2B7C9C180011753C /* baby.mp3 in Resources */ = {isa = PBXBuildFile; fileRef = 65A986DA2B7C9C180011753C /* baby.mp3 */; };
		65A986DF2B7C9C4F0011753C /* perfect.mp3 in Resources */ = {isa = PBXBuildFile; fileRef = 65A986DE2B7C9C4F0011753C /* perfect.mp3 */; };
		65A986E32B7C9C650011753C /* loser.mp3 in Resources */ = {isa = PBXBuildFile; fileRef = 65A986E22B7C9C650011753C /* loser.mp3 */; };
		65A986E72B7C9CA40011753C /* NotificationsViewController.swift in Sources */ = {isa = PBXBuildFile; fileRef = 65A986E62B7C9CA40011753C /* NotificationsViewController.swift */; };
		65A986ED2B7CA3250011753C /* termsConditionViewController.swift in Sources */ = {isa = PBXBuildFile; fileRef = 65A986EC2B7CA3250011753C /* termsConditionViewController.swift */; };
		65A986F12B7CA8240011753C /* aboutAppViewController.swift in Sources */ = {isa = PBXBuildFile; fileRef = 65A986F02B7CA8240011753C /* aboutAppViewController.swift */; };
		65A986FC2B7CF10B0011753C /* CallerViewController.swift in Sources */ = {isa = PBXBuildFile; fileRef = 65A986FB2B7CF10B0011753C /* CallerViewController.swift */; };
		65BFA2B02B77743A007E73A8 /* giphy.gif in Resources */ = {isa = PBXBuildFile; fileRef = 65BFA2AF2B77743A007E73A8 /* giphy.gif */; };
		65BFA2B82B7783F8007E73A8 /* test.gif in Resources */ = {isa = PBXBuildFile; fileRef = 65BFA2B72B7783F8007E73A8 /* test.gif */; };
		65C2B3752B79F22300A916E6 /* settingsViewController.swift in Sources */ = {isa = PBXBuildFile; fileRef = 65C2B3742B79F22300A916E6 /* settingsViewController.swift */; };
		65C2B37B2B7A157400A916E6 /* ProfileSettingsViewController.swift in Sources */ = {isa = PBXBuildFile; fileRef = 65C2B37A2B7A157400A916E6 /* ProfileSettingsViewController.swift */; };
		65CE5D3D2B75FCCF00771A84 /* CallLogsTableTableViewCell.swift in Sources */ = {isa = PBXBuildFile; fileRef = 65CE5D3C2B75FCCF00771A84 /* CallLogsTableTableViewCell.swift */; };
		65CE5D422B7696F700771A84 /* PlayerLessonsViewController.swift in Sources */ = {isa = PBXBuildFile; fileRef = 65CE5D412B7696F700771A84 /* PlayerLessonsViewController.swift */; };
		65E199572B7E244600149118 /* VideoCallViewController.swift in Sources */ = {isa = PBXBuildFile; fileRef = 65E199562B7E244600149118 /* VideoCallViewController.swift */; };
		65E207772B73A7E000978CAC /* AddFriendTableViewCell.swift in Sources */ = {isa = PBXBuildFile; fileRef = 65E207762B73A7E000978CAC /* AddFriendTableViewCell.swift */; };
		65E2077C2B73A99E00978CAC /* AddContactViewController.swift in Sources */ = {isa = PBXBuildFile; fileRef = 65E2077B2B73A99E00978CAC /* AddContactViewController.swift */; };
		65E207822B73F9FC00978CAC /* CallLogsViewController.swift in Sources */ = {isa = PBXBuildFile; fileRef = 65E207812B73F9FC00978CAC /* CallLogsViewController.swift */; };
		65E207862B73FA3100978CAC /* leassonsViewController.swift in Sources */ = {isa = PBXBuildFile; fileRef = 65E207852B73FA3100978CAC /* leassonsViewController.swift */; };
		65E2078A2B74061100978CAC /* UserProfileViewController.swift in Sources */ = {isa = PBXBuildFile; fileRef = 65E207892B74061000978CAC /* UserProfileViewController.swift */; };
		65E813A72B98C726006424B6 /* ServerIP.swift in Sources */ = {isa = PBXBuildFile; fileRef = 65E813A62B98C726006424B6 /* ServerIP.swift */; };
		A288D7A59A6949D373F59DA6 /* Pods_SimpleWebRTC.framework in Frameworks */ = {isa = PBXBuildFile; fileRef = EB3CB6A59558C3702A6AE546 /* Pods_SimpleWebRTC.framework */; };
		AF15C0B221E422D9005B4ED6 /* UIViewExtention.swift in Sources */ = {isa = PBXBuildFile; fileRef = AF15C0B121E422D9005B4ED6 /* UIViewExtention.swift */; };
		AF15C0B521E4F1F7005B4ED6 /* SignalingMessage.swift in Sources */ = {isa = PBXBuildFile; fileRef = AF15C0B421E4F1F7005B4ED6 /* SignalingMessage.swift */; };
		AF15C0B721E54EB1005B4ED6 /* SignalingCandidate.swift in Sources */ = {isa = PBXBuildFile; fileRef = AF15C0B621E54EB1005B4ED6 /* SignalingCandidate.swift */; };
		AF60114024547E7B00E6E407 /* RTCSimulatorVideoDecoderFactory.swift in Sources */ = {isa = PBXBuildFile; fileRef = AF60113F24547E7B00E6E407 /* RTCSimulatorVideoDecoderFactory.swift */; };
		AF601142245481FC00E6E407 /* RTCSimluatorVideoEncoderFactory.swift in Sources */ = {isa = PBXBuildFile; fileRef = AF601141245481FC00E6E407 /* RTCSimluatorVideoEncoderFactory.swift */; };
		AF711AA521DFAD6C005CA4FA /* AppDelegate.swift in Sources */ = {isa = PBXBuildFile; fileRef = AF711AA421DFAD6C005CA4FA /* AppDelegate.swift */; };
		AF711AA721DFAD6C005CA4FA /* ViewController.swift in Sources */ = {isa = PBXBuildFile; fileRef = AF711AA621DFAD6C005CA4FA /* ViewController.swift */; };
		AF711AAA21DFAD6C005CA4FA /* Main.storyboard in Resources */ = {isa = PBXBuildFile; fileRef = AF711AA821DFAD6C005CA4FA /* Main.storyboard */; };
		AF711AAF21DFAD6E005CA4FA /* LaunchScreen.storyboard in Resources */ = {isa = PBXBuildFile; fileRef = AF711AAD21DFAD6E005CA4FA /* LaunchScreen.storyboard */; };
		AF711ABA21DFAD6E005CA4FA /* SimpleWebRTCTests.swift in Sources */ = {isa = PBXBuildFile; fileRef = AF711AB921DFAD6E005CA4FA /* SimpleWebRTCTests.swift */; };
		AF711AC521DFAD6E005CA4FA /* SimpleWebRTCUITests.swift in Sources */ = {isa = PBXBuildFile; fileRef = AF711AC421DFAD6E005CA4FA /* SimpleWebRTCUITests.swift */; };
		AF711ADA21E1454E005CA4FA /* WebRTCClient.swift in Sources */ = {isa = PBXBuildFile; fileRef = AF711AD921E1454E005CA4FA /* WebRTCClient.swift */; };
		AF711ADD21E14DDC005CA4FA /* ScreenSizeUtil.swift in Sources */ = {isa = PBXBuildFile; fileRef = AF711ADC21E14DDC005CA4FA /* ScreenSizeUtil.swift */; };
		AF90A8E0220CF07A0083687C /* RTCCustomFrameCapture.swift in Sources */ = {isa = PBXBuildFile; fileRef = AF90A8DF220CF07A0083687C /* RTCCustomFrameCapture.swift */; };
		AF90A8E3220D00D60083687C /* CameraSession.swift in Sources */ = {isa = PBXBuildFile; fileRef = AF90A8E2220D00D60083687C /* CameraSession.swift */; };
		AFAF58EA21EA0AD300609BB7 /* UIColorExtention.swift in Sources */ = {isa = PBXBuildFile; fileRef = AFAF58E921EA0AD300609BB7 /* UIColorExtention.swift */; };
		AFB7E9B121E56D8B00A0E27A /* sample.mp4 in Resources */ = {isa = PBXBuildFile; fileRef = AFF1031B21E569B60011C1FC /* sample.mp4 */; };
		AFBCD53121E8F52B00694C14 /* like_filled.png in Resources */ = {isa = PBXBuildFile; fileRef = AFBCD53021E8F52B00694C14 /* like_filled.png */; };
		AFBCD53421E8F55900694C14 /* UIDeviceExtention.swift in Sources */ = {isa = PBXBuildFile; fileRef = AFBCD53321E8F55900694C14 /* UIDeviceExtention.swift */; };
		AFBCD53621E8F63A00694C14 /* like_border.png in Resources */ = {isa = PBXBuildFile; fileRef = AFBCD53521E8F63A00694C14 /* like_border.png */; };
/* End PBXBuildFile section */

/* Begin PBXContainerItemProxy section */
		AF711AB621DFAD6E005CA4FA /* PBXContainerItemProxy */ = {
			isa = PBXContainerItemProxy;
			containerPortal = AF711A9921DFAD6C005CA4FA /* Project object */;
			proxyType = 1;
			remoteGlobalIDString = AF711AA021DFAD6C005CA4FA;
			remoteInfo = SimpleWebRTC;
		};
		AF711AC121DFAD6E005CA4FA /* PBXContainerItemProxy */ = {
			isa = PBXContainerItemProxy;
			containerPortal = AF711A9921DFAD6C005CA4FA /* Project object */;
			proxyType = 1;
			remoteGlobalIDString = AF711AA021DFAD6C005CA4FA;
			remoteInfo = SimpleWebRTC;
		};
/* End PBXContainerItemProxy section */

/* Begin PBXCopyFilesBuildPhase section */
		AF60113E24547A2F00E6E407 /* Embed Frameworks */ = {
			isa = PBXCopyFilesBuildPhase;
			buildActionMask = 2147483647;
			dstPath = "";
			dstSubfolderSpec = 10;
			files = (
			);
			name = "Embed Frameworks";
			runOnlyForDeploymentPostprocessing = 0;
		};
/* End PBXCopyFilesBuildPhase section */

/* Begin PBXFileReference section */
		378B38D72365C2A8002C5E8B /* CameraFilter.swift */ = {isa = PBXFileReference; lastKnownFileType = sourcecode.swift; path = CameraFilter.swift; sourceTree = "<group>"; };
		650950662B945FC400035C85 /* APIWrapper.swift */ = {isa = PBXFileReference; fileEncoding = 4; lastKnownFileType = sourcecode.swift; path = APIWrapper.swift; sourceTree = "<group>"; };
		6509506A2B9488AD00035C85 /* UserStrct.swift */ = {isa = PBXFileReference; lastKnownFileType = sourcecode.swift; path = UserStrct.swift; sourceTree = "<group>"; };
		65182F302B8DFC3000199D36 /* beginnerlevelViewController.swift */ = {isa = PBXFileReference; lastKnownFileType = sourcecode.swift; path = beginnerlevelViewController.swift; sourceTree = "<group>"; };
		651AD82B2B7B49E800D94D1B /* GeneralSettingsViewController.swift */ = {isa = PBXFileReference; lastKnownFileType = sourcecode.swift; path = GeneralSettingsViewController.swift; sourceTree = "<group>"; };
		651E5BFF2BA4609C005DB71C /* CallTranscriptionViewController.swift */ = {isa = PBXFileReference; lastKnownFileType = sourcecode.swift; path = CallTranscriptionViewController.swift; sourceTree = "<group>"; };
		651E5C092BA466DB005DB71C /* CallTranscriptionTableViewCell.swift */ = {isa = PBXFileReference; lastKnownFileType = sourcecode.swift; path = CallTranscriptionTableViewCell.swift; sourceTree = "<group>"; };
		652C0AED2BBC0A0C00D89A57 /* lessonsStrct.swift */ = {isa = PBXFileReference; lastKnownFileType = sourcecode.swift; path = lessonsStrct.swift; sourceTree = "<group>"; };
		656168BA2B724FA70006E5D2 /* ContactsViewController.swift */ = {isa = PBXFileReference; lastKnownFileType = sourcecode.swift; path = ContactsViewController.swift; sourceTree = "<group>"; };
		656168BE2B72A80B0006E5D2 /* DetailedContactsTableViewCell.swift */ = {isa = PBXFileReference; lastKnownFileType = sourcecode.swift; path = DetailedContactsTableViewCell.swift; sourceTree = "<group>"; };
		65736E592BD6C914001D7418 /* webSockets.swift */ = {isa = PBXFileReference; lastKnownFileType = sourcecode.swift; path = webSockets.swift; sourceTree = "<group>"; };
		6573B4762B716AAE000DD658 /* onlineContactsViewController.swift */ = {isa = PBXFileReference; lastKnownFileType = sourcecode.swift; path = onlineContactsViewController.swift; sourceTree = "<group>"; };
		6573B4802B716DFA000DD658 /* ContactTableTableViewCell.swift */ = {isa = PBXFileReference; lastKnownFileType = sourcecode.swift; path = ContactTableTableViewCell.swift; sourceTree = "<group>"; };
		6574CA842B8F197000B80C11 /* intermediatelevelViewController.swift */ = {isa = PBXFileReference; lastKnownFileType = sourcecode.swift; path = intermediatelevelViewController.swift; sourceTree = "<group>"; };
		6574CA882B8F198E00B80C11 /* expertlevelViewController.swift */ = {isa = PBXFileReference; lastKnownFileType = sourcecode.swift; path = expertlevelViewController.swift; sourceTree = "<group>"; };
		6577F50F2B78B650005AD8AD /* CustomSignsTableViewCell.swift */ = {isa = PBXFileReference; lastKnownFileType = sourcecode.swift; path = CustomSignsTableViewCell.swift; sourceTree = "<group>"; };
		6577F5132B78BB39005AD8AD /* CustomSignsViewController.swift */ = {isa = PBXFileReference; lastKnownFileType = sourcecode.swift; path = CustomSignsViewController.swift; sourceTree = "<group>"; };
		6577F5192B78CE58005AD8AD /* AddCustomSignsViewController.swift */ = {isa = PBXFileReference; lastKnownFileType = sourcecode.swift; path = AddCustomSignsViewController.swift; sourceTree = "<group>"; };
		6577F5262B790EE9005AD8AD /* UploadCapturedImageViewController.swift */ = {isa = PBXFileReference; lastKnownFileType = sourcecode.swift; path = UploadCapturedImageViewController.swift; sourceTree = "<group>"; };
		657F46722B8FB3DD00B391A6 /* LessonsListViewController.swift */ = {isa = PBXFileReference; lastKnownFileType = sourcecode.swift; path = LessonsListViewController.swift; sourceTree = "<group>"; };
		657F46772B8FB52200B391A6 /* Custom_LessonsListCollectionViewCell.swift */ = {isa = PBXFileReference; lastKnownFileType = sourcecode.swift; path = Custom_LessonsListCollectionViewCell.swift; sourceTree = "<group>"; };
		65861D912B77ECF30038A38D /* FavoriteSignsTableViewCell.swift */ = {isa = PBXFileReference; lastKnownFileType = sourcecode.swift; path = FavoriteSignsTableViewCell.swift; sourceTree = "<group>"; };
		65861D972B77EEED0038A38D /* FavoriteLectureViewController.swift */ = {isa = PBXFileReference; lastKnownFileType = sourcecode.swift; path = FavoriteLectureViewController.swift; sourceTree = "<group>"; };
		658DBD8C2B7DE9B700F26D96 /* CallRecieverViewController.swift */ = {isa = PBXFileReference; lastKnownFileType = sourcecode.swift; path = CallRecieverViewController.swift; sourceTree = "<group>"; };
		658E032E2B6F618100BEDE73 /* loginViewController.swift */ = {isa = PBXFileReference; lastKnownFileType = sourcecode.swift; path = loginViewController.swift; sourceTree = "<group>"; };
		658E03342B6FF72100BEDE73 /* LoginToAccountViewController.swift */ = {isa = PBXFileReference; lastKnownFileType = sourcecode.swift; path = LoginToAccountViewController.swift; sourceTree = "<group>"; };
		65960B9A2B70E1EE00BC6EB2 /* SignUpViewController.swift */ = {isa = PBXFileReference; lastKnownFileType = sourcecode.swift; path = SignUpViewController.swift; sourceTree = "<group>"; };
		65A01BB22B6E19D5007AC395 /* Assets.xcassets */ = {isa = PBXFileReference; lastKnownFileType = folder.assetcatalog; path = Assets.xcassets; sourceTree = "<group>"; };
		65A986DA2B7C9C180011753C /* baby.mp3 */ = {isa = PBXFileReference; lastKnownFileType = audio.mp3; path = baby.mp3; sourceTree = "<group>"; };
		65A986DE2B7C9C4F0011753C /* perfect.mp3 */ = {isa = PBXFileReference; lastKnownFileType = audio.mp3; path = perfect.mp3; sourceTree = "<group>"; };
		65A986E22B7C9C650011753C /* loser.mp3 */ = {isa = PBXFileReference; lastKnownFileType = audio.mp3; path = loser.mp3; sourceTree = "<group>"; };
		65A986E62B7C9CA40011753C /* NotificationsViewController.swift */ = {isa = PBXFileReference; lastKnownFileType = sourcecode.swift; path = NotificationsViewController.swift; sourceTree = "<group>"; };
		65A986EC2B7CA3250011753C /* termsConditionViewController.swift */ = {isa = PBXFileReference; lastKnownFileType = sourcecode.swift; path = termsConditionViewController.swift; sourceTree = "<group>"; };
		65A986F02B7CA8240011753C /* aboutAppViewController.swift */ = {isa = PBXFileReference; lastKnownFileType = sourcecode.swift; path = aboutAppViewController.swift; sourceTree = "<group>"; };
		65A986FB2B7CF10B0011753C /* CallerViewController.swift */ = {isa = PBXFileReference; lastKnownFileType = sourcecode.swift; path = CallerViewController.swift; sourceTree = "<group>"; };
		65BFA2AF2B77743A007E73A8 /* giphy.gif */ = {isa = PBXFileReference; lastKnownFileType = image.gif; path = giphy.gif; sourceTree = "<group>"; };
		65BFA2B72B7783F8007E73A8 /* test.gif */ = {isa = PBXFileReference; lastKnownFileType = image.gif; path = test.gif; sourceTree = "<group>"; };
		65C2B3742B79F22300A916E6 /* settingsViewController.swift */ = {isa = PBXFileReference; lastKnownFileType = sourcecode.swift; path = settingsViewController.swift; sourceTree = "<group>"; };
		65C2B37A2B7A157400A916E6 /* ProfileSettingsViewController.swift */ = {isa = PBXFileReference; lastKnownFileType = sourcecode.swift; path = ProfileSettingsViewController.swift; sourceTree = "<group>"; };
		65CE5D3C2B75FCCF00771A84 /* CallLogsTableTableViewCell.swift */ = {isa = PBXFileReference; lastKnownFileType = sourcecode.swift; path = CallLogsTableTableViewCell.swift; sourceTree = "<group>"; };
		65CE5D412B7696F700771A84 /* PlayerLessonsViewController.swift */ = {isa = PBXFileReference; lastKnownFileType = sourcecode.swift; path = PlayerLessonsViewController.swift; sourceTree = "<group>"; };
		65E199562B7E244600149118 /* VideoCallViewController.swift */ = {isa = PBXFileReference; lastKnownFileType = sourcecode.swift; path = VideoCallViewController.swift; sourceTree = "<group>"; };
		65E207762B73A7E000978CAC /* AddFriendTableViewCell.swift */ = {isa = PBXFileReference; lastKnownFileType = sourcecode.swift; path = AddFriendTableViewCell.swift; sourceTree = "<group>"; };
		65E2077B2B73A99E00978CAC /* AddContactViewController.swift */ = {isa = PBXFileReference; lastKnownFileType = sourcecode.swift; path = AddContactViewController.swift; sourceTree = "<group>"; };
		65E207812B73F9FC00978CAC /* CallLogsViewController.swift */ = {isa = PBXFileReference; lastKnownFileType = sourcecode.swift; path = CallLogsViewController.swift; sourceTree = "<group>"; };
		65E207852B73FA3100978CAC /* leassonsViewController.swift */ = {isa = PBXFileReference; lastKnownFileType = sourcecode.swift; path = leassonsViewController.swift; sourceTree = "<group>"; };
		65E207892B74061000978CAC /* UserProfileViewController.swift */ = {isa = PBXFileReference; lastKnownFileType = sourcecode.swift; path = UserProfileViewController.swift; sourceTree = "<group>"; };
		65E813A62B98C726006424B6 /* ServerIP.swift */ = {isa = PBXFileReference; lastKnownFileType = sourcecode.swift; path = ServerIP.swift; sourceTree = "<group>"; };
		7F4274DC71E55AEEBAA4537D /* Pods-SimpleWebRTC.release.xcconfig */ = {isa = PBXFileReference; includeInIndex = 1; lastKnownFileType = text.xcconfig; name = "Pods-SimpleWebRTC.release.xcconfig"; path = "Target Support Files/Pods-SimpleWebRTC/Pods-SimpleWebRTC.release.xcconfig"; sourceTree = "<group>"; };
		AF15C0B121E422D9005B4ED6 /* UIViewExtention.swift */ = {isa = PBXFileReference; lastKnownFileType = sourcecode.swift; path = UIViewExtention.swift; sourceTree = "<group>"; };
		AF15C0B421E4F1F7005B4ED6 /* SignalingMessage.swift */ = {isa = PBXFileReference; lastKnownFileType = sourcecode.swift; path = SignalingMessage.swift; sourceTree = "<group>"; };
		AF15C0B621E54EB1005B4ED6 /* SignalingCandidate.swift */ = {isa = PBXFileReference; lastKnownFileType = sourcecode.swift; path = SignalingCandidate.swift; sourceTree = "<group>"; };
		AF60113F24547E7B00E6E407 /* RTCSimulatorVideoDecoderFactory.swift */ = {isa = PBXFileReference; lastKnownFileType = sourcecode.swift; path = RTCSimulatorVideoDecoderFactory.swift; sourceTree = "<group>"; };
		AF601141245481FC00E6E407 /* RTCSimluatorVideoEncoderFactory.swift */ = {isa = PBXFileReference; lastKnownFileType = sourcecode.swift; path = RTCSimluatorVideoEncoderFactory.swift; sourceTree = "<group>"; };
		AF711AA121DFAD6C005CA4FA /* CommFusion.app */ = {isa = PBXFileReference; explicitFileType = wrapper.application; includeInIndex = 0; path = CommFusion.app; sourceTree = BUILT_PRODUCTS_DIR; };
		AF711AA421DFAD6C005CA4FA /* AppDelegate.swift */ = {isa = PBXFileReference; lastKnownFileType = sourcecode.swift; path = AppDelegate.swift; sourceTree = "<group>"; };
		AF711AA621DFAD6C005CA4FA /* ViewController.swift */ = {isa = PBXFileReference; lastKnownFileType = sourcecode.swift; path = ViewController.swift; sourceTree = "<group>"; };
		AF711AA921DFAD6C005CA4FA /* Base */ = {isa = PBXFileReference; lastKnownFileType = file.storyboard; name = Base; path = Base.lproj/Main.storyboard; sourceTree = "<group>"; };
		AF711AAE21DFAD6E005CA4FA /* Base */ = {isa = PBXFileReference; lastKnownFileType = file.storyboard; name = Base; path = Base.lproj/LaunchScreen.storyboard; sourceTree = "<group>"; };
		AF711AB021DFAD6E005CA4FA /* Info.plist */ = {isa = PBXFileReference; lastKnownFileType = text.plist.xml; path = Info.plist; sourceTree = "<group>"; };
		AF711AB521DFAD6E005CA4FA /* CommFusionTests.xctest */ = {isa = PBXFileReference; explicitFileType = wrapper.cfbundle; includeInIndex = 0; path = CommFusionTests.xctest; sourceTree = BUILT_PRODUCTS_DIR; };
		AF711AB921DFAD6E005CA4FA /* SimpleWebRTCTests.swift */ = {isa = PBXFileReference; lastKnownFileType = sourcecode.swift; path = SimpleWebRTCTests.swift; sourceTree = "<group>"; };
		AF711ABB21DFAD6E005CA4FA /* Info.plist */ = {isa = PBXFileReference; lastKnownFileType = text.plist.xml; path = Info.plist; sourceTree = "<group>"; };
		AF711AC021DFAD6E005CA4FA /* CommFusionUITests.xctest */ = {isa = PBXFileReference; explicitFileType = wrapper.cfbundle; includeInIndex = 0; path = CommFusionUITests.xctest; sourceTree = BUILT_PRODUCTS_DIR; };
		AF711AC421DFAD6E005CA4FA /* SimpleWebRTCUITests.swift */ = {isa = PBXFileReference; lastKnownFileType = sourcecode.swift; path = SimpleWebRTCUITests.swift; sourceTree = "<group>"; };
		AF711AC621DFAD6E005CA4FA /* Info.plist */ = {isa = PBXFileReference; lastKnownFileType = text.plist.xml; path = Info.plist; sourceTree = "<group>"; };
		AF711AD921E1454E005CA4FA /* WebRTCClient.swift */ = {isa = PBXFileReference; lastKnownFileType = sourcecode.swift; path = WebRTCClient.swift; sourceTree = "<group>"; };
		AF711ADC21E14DDC005CA4FA /* ScreenSizeUtil.swift */ = {isa = PBXFileReference; lastKnownFileType = sourcecode.swift; path = ScreenSizeUtil.swift; sourceTree = "<group>"; };
		AF90A8DF220CF07A0083687C /* RTCCustomFrameCapture.swift */ = {isa = PBXFileReference; lastKnownFileType = sourcecode.swift; path = RTCCustomFrameCapture.swift; sourceTree = "<group>"; };
		AF90A8E2220D00D60083687C /* CameraSession.swift */ = {isa = PBXFileReference; lastKnownFileType = sourcecode.swift; path = CameraSession.swift; sourceTree = "<group>"; };
		AFAF58E921EA0AD300609BB7 /* UIColorExtention.swift */ = {isa = PBXFileReference; lastKnownFileType = sourcecode.swift; path = UIColorExtention.swift; sourceTree = "<group>"; };
		AFBCD53021E8F52B00694C14 /* like_filled.png */ = {isa = PBXFileReference; lastKnownFileType = image.png; path = like_filled.png; sourceTree = "<group>"; };
		AFBCD53321E8F55900694C14 /* UIDeviceExtention.swift */ = {isa = PBXFileReference; lastKnownFileType = sourcecode.swift; path = UIDeviceExtention.swift; sourceTree = "<group>"; };
		AFBCD53521E8F63A00694C14 /* like_border.png */ = {isa = PBXFileReference; lastKnownFileType = image.png; path = like_border.png; sourceTree = "<group>"; };
		AFF1031B21E569B60011C1FC /* sample.mp4 */ = {isa = PBXFileReference; lastKnownFileType = file; path = sample.mp4; sourceTree = "<group>"; };
		B5DACD71B3184D32AC0E6486 /* Pods-SimpleWebRTC.debug.xcconfig */ = {isa = PBXFileReference; includeInIndex = 1; lastKnownFileType = text.xcconfig; name = "Pods-SimpleWebRTC.debug.xcconfig"; path = "Target Support Files/Pods-SimpleWebRTC/Pods-SimpleWebRTC.debug.xcconfig"; sourceTree = "<group>"; };
		EB3CB6A59558C3702A6AE546 /* Pods_SimpleWebRTC.framework */ = {isa = PBXFileReference; explicitFileType = wrapper.framework; includeInIndex = 0; path = Pods_SimpleWebRTC.framework; sourceTree = BUILT_PRODUCTS_DIR; };
/* End PBXFileReference section */

/* Begin PBXFrameworksBuildPhase section */
		AF711A9E21DFAD6C005CA4FA /* Frameworks */ = {
			isa = PBXFrameworksBuildPhase;
			buildActionMask = 2147483647;
			files = (
				A288D7A59A6949D373F59DA6 /* Pods_SimpleWebRTC.framework in Frameworks */,
			);
			runOnlyForDeploymentPostprocessing = 0;
		};
		AF711AB221DFAD6E005CA4FA /* Frameworks */ = {
			isa = PBXFrameworksBuildPhase;
			buildActionMask = 2147483647;
			files = (
			);
			runOnlyForDeploymentPostprocessing = 0;
		};
		AF711ABD21DFAD6E005CA4FA /* Frameworks */ = {
			isa = PBXFrameworksBuildPhase;
			buildActionMask = 2147483647;
			files = (
			);
			runOnlyForDeploymentPostprocessing = 0;
		};
/* End PBXFrameworksBuildPhase section */

/* Begin PBXGroup section */
		378B38D62365C281002C5E8B /* CameraFilter */ = {
			isa = PBXGroup;
			children = (
				378B38D72365C2A8002C5E8B /* CameraFilter.swift */,
			);
			path = CameraFilter;
			sourceTree = "<group>";
		};
		650950652B945FA200035C85 /* Api */ = {
			isa = PBXGroup;
			children = (
				650950662B945FC400035C85 /* APIWrapper.swift */,
			);
			path = Api;
			sourceTree = "<group>";
		};
		656168B32B724EE40006E5D2 /* DashboardScreens */ = {
			isa = PBXGroup;
			children = (
				6573B4762B716AAE000DD658 /* onlineContactsViewController.swift */,
				656168BA2B724FA70006E5D2 /* ContactsViewController.swift */,
				65E207812B73F9FC00978CAC /* CallLogsViewController.swift */,
				65E207852B73FA3100978CAC /* leassonsViewController.swift */,
			);
			path = DashboardScreens;
			sourceTree = "<group>";
		};
		6573B47F2B716DC1000DD658 /* CustomTableClasses */ = {
			isa = PBXGroup;
			children = (
				6573B4802B716DFA000DD658 /* ContactTableTableViewCell.swift */,
				656168BE2B72A80B0006E5D2 /* DetailedContactsTableViewCell.swift */,
				65E207762B73A7E000978CAC /* AddFriendTableViewCell.swift */,
				65CE5D3C2B75FCCF00771A84 /* CallLogsTableTableViewCell.swift */,
				65861D912B77ECF30038A38D /* FavoriteSignsTableViewCell.swift */,
				6577F50F2B78B650005AD8AD /* CustomSignsTableViewCell.swift */,
				651E5C092BA466DB005DB71C /* CallTranscriptionTableViewCell.swift */,
			);
			path = CustomTableClasses;
			sourceTree = "<group>";
		};
		657F46762B8FB4E700B391A6 /* CollectionView */ = {
			isa = PBXGroup;
			children = (
				657F46772B8FB52200B391A6 /* Custom_LessonsListCollectionViewCell.swift */,
			);
			path = CollectionView;
			sourceTree = "<group>";
		};
		658E032D2B6F616100BEDE73 /* Login_Signup */ = {
			isa = PBXGroup;
			children = (
				658E032E2B6F618100BEDE73 /* loginViewController.swift */,
				658E03342B6FF72100BEDE73 /* LoginToAccountViewController.swift */,
				65960B9A2B70E1EE00BC6EB2 /* SignUpViewController.swift */,
			);
			path = Login_Signup;
			sourceTree = "<group>";
		};
		65A986D92B7C9C050011753C /* rigntones */ = {
			isa = PBXGroup;
			children = (
				65A986E22B7C9C650011753C /* loser.mp3 */,
				65A986DE2B7C9C4F0011753C /* perfect.mp3 */,
				65A986DA2B7C9C180011753C /* baby.mp3 */,
			);
			path = rigntones;
			sourceTree = "<group>";
		};
		65A986FA2B7CF0DE0011753C /* VideoCalls */ = {
			isa = PBXGroup;
			children = (
				65A986FB2B7CF10B0011753C /* CallerViewController.swift */,
				658DBD8C2B7DE9B700F26D96 /* CallRecieverViewController.swift */,
				65E199562B7E244600149118 /* VideoCallViewController.swift */,
				651E5BFF2BA4609C005DB71C /* CallTranscriptionViewController.swift */,
			);
			path = VideoCalls;
			sourceTree = "<group>";
		};
		65AD61792B74DB6F00F23ADD /* Structs */ = {
			isa = PBXGroup;
			children = (
				6509506A2B9488AD00035C85 /* UserStrct.swift */,
				65E813A62B98C726006424B6 /* ServerIP.swift */,
				652C0AED2BBC0A0C00D89A57 /* lessonsStrct.swift */,
			);
			path = Structs;
			sourceTree = "<group>";
		};
		65BFA2AE2B77740A007E73A8 /* gifFiles */ = {
			isa = PBXGroup;
			children = (
				65BFA2B72B7783F8007E73A8 /* test.gif */,
				65BFA2AF2B77743A007E73A8 /* giphy.gif */,
			);
			path = gifFiles;
			sourceTree = "<group>";
		};
		65C2B3732B79F1EB00A916E6 /* settings */ = {
			isa = PBXGroup;
			children = (
				65A986D92B7C9C050011753C /* rigntones */,
				65C2B3742B79F22300A916E6 /* settingsViewController.swift */,
				65C2B37A2B7A157400A916E6 /* ProfileSettingsViewController.swift */,
				651AD82B2B7B49E800D94D1B /* GeneralSettingsViewController.swift */,
				65A986E62B7C9CA40011753C /* NotificationsViewController.swift */,
				65A986EC2B7CA3250011753C /* termsConditionViewController.swift */,
				65A986F02B7CA8240011753C /* aboutAppViewController.swift */,
			);
			path = settings;
			sourceTree = "<group>";
		};
		65CE5D402B76969800771A84 /* Custom_fav_Signs_Lessons */ = {
			isa = PBXGroup;
			children = (
				657F46762B8FB4E700B391A6 /* CollectionView */,
				65BFA2AE2B77740A007E73A8 /* gifFiles */,
				65CE5D412B7696F700771A84 /* PlayerLessonsViewController.swift */,
				6577F5132B78BB39005AD8AD /* CustomSignsViewController.swift */,
				65861D972B77EEED0038A38D /* FavoriteLectureViewController.swift */,
				6577F5192B78CE58005AD8AD /* AddCustomSignsViewController.swift */,
				6577F5262B790EE9005AD8AD /* UploadCapturedImageViewController.swift */,
				65182F302B8DFC3000199D36 /* beginnerlevelViewController.swift */,
				6574CA842B8F197000B80C11 /* intermediatelevelViewController.swift */,
				6574CA882B8F198E00B80C11 /* expertlevelViewController.swift */,
				657F46722B8FB3DD00B391A6 /* LessonsListViewController.swift */,
			);
			path = Custom_fav_Signs_Lessons;
			sourceTree = "<group>";
		};
		65E2077A2B73A95C00978CAC /* AddContact_UserProfile */ = {
			isa = PBXGroup;
			children = (
				65E2077B2B73A99E00978CAC /* AddContactViewController.swift */,
				65E207892B74061000978CAC /* UserProfileViewController.swift */,
			);
			path = AddContact_UserProfile;
			sourceTree = "<group>";
		};
		A81C006118146DBF4BE7369C /* Frameworks */ = {
			isa = PBXGroup;
			children = (
				EB3CB6A59558C3702A6AE546 /* Pods_SimpleWebRTC.framework */,
			);
			name = Frameworks;
			sourceTree = "<group>";
		};
		AF15C0AE21E41A58005B4ED6 /* Extentions */ = {
			isa = PBXGroup;
			children = (
				AF15C0B121E422D9005B4ED6 /* UIViewExtention.swift */,
				AFBCD53321E8F55900694C14 /* UIDeviceExtention.swift */,
				AFAF58E921EA0AD300609BB7 /* UIColorExtention.swift */,
			);
			path = Extentions;
			sourceTree = "<group>";
		};
		AF15C0B321E4F1B9005B4ED6 /* Data */ = {
			isa = PBXGroup;
			children = (
				AF15C0B421E4F1F7005B4ED6 /* SignalingMessage.swift */,
				AF15C0B621E54EB1005B4ED6 /* SignalingCandidate.swift */,
			);
			path = Data;
			sourceTree = "<group>";
		};
		AF711A9821DFAD6C005CA4FA = {
			isa = PBXGroup;
			children = (
				650950652B945FA200035C85 /* Api */,
				65AD61792B74DB6F00F23ADD /* Structs */,
				AF711AA321DFAD6C005CA4FA /* CommFusion */,
				AF711AB821DFAD6E005CA4FA /* SimpleWebRTCTests */,
				AF711AC321DFAD6E005CA4FA /* SimpleWebRTCUITests */,
				AF711AA221DFAD6C005CA4FA /* Products */,
				B491D2D3C79EC9CBABD10DDC /* Pods */,
				A81C006118146DBF4BE7369C /* Frameworks */,
			);
			sourceTree = "<group>";
		};
		AF711AA221DFAD6C005CA4FA /* Products */ = {
			isa = PBXGroup;
			children = (
				AF711AA121DFAD6C005CA4FA /* CommFusion.app */,
				AF711AB521DFAD6E005CA4FA /* CommFusionTests.xctest */,
				AF711AC021DFAD6E005CA4FA /* CommFusionUITests.xctest */,
			);
			name = Products;
			sourceTree = "<group>";
		};
		AF711AA321DFAD6C005CA4FA /* CommFusion */ = {
			isa = PBXGroup;
			children = (
				65A986FA2B7CF0DE0011753C /* VideoCalls */,
				65C2B3732B79F1EB00A916E6 /* settings */,
				65CE5D402B76969800771A84 /* Custom_fav_Signs_Lessons */,
				65E2077A2B73A95C00978CAC /* AddContact_UserProfile */,
				6573B47F2B716DC1000DD658 /* CustomTableClasses */,
				656168B32B724EE40006E5D2 /* DashboardScreens */,
				658E032D2B6F616100BEDE73 /* Login_Signup */,
				65A01BB22B6E19D5007AC395 /* Assets.xcassets */,
				378B38D62365C281002C5E8B /* CameraFilter */,
				AF90A8E1220D00500083687C /* CameraSession */,
				AFF1031921E569990011C1FC /* Assets */,
				AF15C0B321E4F1B9005B4ED6 /* Data */,
				AF15C0AE21E41A58005B4ED6 /* Extentions */,
				AF711ADB21E14DC1005CA4FA /* Utility */,
				AF711AD821E14484005CA4FA /* WebRTC */,
				AF711AD721E1445F005CA4FA /* ViewController */,
				AF711AA421DFAD6C005CA4FA /* AppDelegate.swift */,
				AF711AA821DFAD6C005CA4FA /* Main.storyboard */,
				AF711AAD21DFAD6E005CA4FA /* LaunchScreen.storyboard */,
				AF711AB021DFAD6E005CA4FA /* Info.plist */,
			);
			path = CommFusion;
			sourceTree = "<group>";
		};
		AF711AB821DFAD6E005CA4FA /* SimpleWebRTCTests */ = {
			isa = PBXGroup;
			children = (
				AF711AB921DFAD6E005CA4FA /* SimpleWebRTCTests.swift */,
				AF711ABB21DFAD6E005CA4FA /* Info.plist */,
			);
			path = SimpleWebRTCTests;
			sourceTree = "<group>";
		};
		AF711AC321DFAD6E005CA4FA /* SimpleWebRTCUITests */ = {
			isa = PBXGroup;
			children = (
				AF711AC421DFAD6E005CA4FA /* SimpleWebRTCUITests.swift */,
				AF711AC621DFAD6E005CA4FA /* Info.plist */,
			);
			path = SimpleWebRTCUITests;
			sourceTree = "<group>";
		};
		AF711AD721E1445F005CA4FA /* ViewController */ = {
			isa = PBXGroup;
			children = (
				AF711AA621DFAD6C005CA4FA /* ViewController.swift */,
			);
			path = ViewController;
			sourceTree = "<group>";
		};
		AF711AD821E14484005CA4FA /* WebRTC */ = {
			isa = PBXGroup;
			children = (
				AF711AD921E1454E005CA4FA /* WebRTCClient.swift */,
				AF90A8DF220CF07A0083687C /* RTCCustomFrameCapture.swift */,
				AF60113F24547E7B00E6E407 /* RTCSimulatorVideoDecoderFactory.swift */,
				AF601141245481FC00E6E407 /* RTCSimluatorVideoEncoderFactory.swift */,
				65736E592BD6C914001D7418 /* webSockets.swift */,
			);
			path = WebRTC;
			sourceTree = "<group>";
		};
		AF711ADB21E14DC1005CA4FA /* Utility */ = {
			isa = PBXGroup;
			children = (
				AF711ADC21E14DDC005CA4FA /* ScreenSizeUtil.swift */,
			);
			path = Utility;
			sourceTree = "<group>";
		};
		AF90A8E1220D00500083687C /* CameraSession */ = {
			isa = PBXGroup;
			children = (
				AF90A8E2220D00D60083687C /* CameraSession.swift */,
			);
			path = CameraSession;
			sourceTree = "<group>";
		};
		AFBCD52F21E8F51600694C14 /* Image */ = {
			isa = PBXGroup;
			children = (
				AFBCD53521E8F63A00694C14 /* like_border.png */,
				AFBCD53021E8F52B00694C14 /* like_filled.png */,
			);
			path = Image;
			sourceTree = "<group>";
		};
		AFF1031921E569990011C1FC /* Assets */ = {
			isa = PBXGroup;
			children = (
				AFBCD52F21E8F51600694C14 /* Image */,
				AFF1031A21E569A20011C1FC /* Video */,
			);
			path = Assets;
			sourceTree = "<group>";
		};
		AFF1031A21E569A20011C1FC /* Video */ = {
			isa = PBXGroup;
			children = (
				AFF1031B21E569B60011C1FC /* sample.mp4 */,
			);
			path = Video;
			sourceTree = "<group>";
		};
		B491D2D3C79EC9CBABD10DDC /* Pods */ = {
			isa = PBXGroup;
			children = (
				B5DACD71B3184D32AC0E6486 /* Pods-SimpleWebRTC.debug.xcconfig */,
				7F4274DC71E55AEEBAA4537D /* Pods-SimpleWebRTC.release.xcconfig */,
			);
			path = Pods;
			sourceTree = "<group>";
		};
/* End PBXGroup section */

/* Begin PBXNativeTarget section */
		AF711AA021DFAD6C005CA4FA /* CommFusion */ = {
			isa = PBXNativeTarget;
			buildConfigurationList = AF711AC921DFAD6E005CA4FA /* Build configuration list for PBXNativeTarget "CommFusion" */;
			buildPhases = (
				1D17FB21E9F0753D420802C5 /* [CP] Check Pods Manifest.lock */,
				AF711A9D21DFAD6C005CA4FA /* Sources */,
				AF711A9E21DFAD6C005CA4FA /* Frameworks */,
				AF711A9F21DFAD6C005CA4FA /* Resources */,
				AF60113E24547A2F00E6E407 /* Embed Frameworks */,
				B9746F480CC96803D460C7CB /* [CP] Embed Pods Frameworks */,
			);
			buildRules = (
			);
			dependencies = (
			);
			name = CommFusion;
			productName = SimpleWebRTC;
			productReference = AF711AA121DFAD6C005CA4FA /* CommFusion.app */;
			productType = "com.apple.product-type.application";
		};
		AF711AB421DFAD6E005CA4FA /* CommFusionTests */ = {
			isa = PBXNativeTarget;
			buildConfigurationList = AF711ACC21DFAD6E005CA4FA /* Build configuration list for PBXNativeTarget "CommFusionTests" */;
			buildPhases = (
				AF711AB121DFAD6E005CA4FA /* Sources */,
				AF711AB221DFAD6E005CA4FA /* Frameworks */,
				AF711AB321DFAD6E005CA4FA /* Resources */,
			);
			buildRules = (
			);
			dependencies = (
				AF711AB721DFAD6E005CA4FA /* PBXTargetDependency */,
			);
			name = CommFusionTests;
			productName = SimpleWebRTCTests;
			productReference = AF711AB521DFAD6E005CA4FA /* CommFusionTests.xctest */;
			productType = "com.apple.product-type.bundle.unit-test";
		};
		AF711ABF21DFAD6E005CA4FA /* CommFusionUITests */ = {
			isa = PBXNativeTarget;
			buildConfigurationList = AF711ACF21DFAD6E005CA4FA /* Build configuration list for PBXNativeTarget "CommFusionUITests" */;
			buildPhases = (
				AF711ABC21DFAD6E005CA4FA /* Sources */,
				AF711ABD21DFAD6E005CA4FA /* Frameworks */,
				AF711ABE21DFAD6E005CA4FA /* Resources */,
			);
			buildRules = (
			);
			dependencies = (
				AF711AC221DFAD6E005CA4FA /* PBXTargetDependency */,
			);
			name = CommFusionUITests;
			productName = SimpleWebRTCUITests;
			productReference = AF711AC021DFAD6E005CA4FA /* CommFusionUITests.xctest */;
			productType = "com.apple.product-type.bundle.ui-testing";
		};
/* End PBXNativeTarget section */

/* Begin PBXProject section */
		AF711A9921DFAD6C005CA4FA /* Project object */ = {
			isa = PBXProject;
			attributes = {
				LastSwiftUpdateCheck = 0930;
				LastUpgradeCheck = 0930;
				ORGANIZATIONNAME = n0;
				TargetAttributes = {
					AF711AA021DFAD6C005CA4FA = {
						CreatedOnToolsVersion = 9.3.1;
						LastSwiftMigration = 1010;
					};
					AF711AB421DFAD6E005CA4FA = {
						CreatedOnToolsVersion = 9.3.1;
						LastSwiftMigration = 1110;
						TestTargetID = AF711AA021DFAD6C005CA4FA;
					};
					AF711ABF21DFAD6E005CA4FA = {
						CreatedOnToolsVersion = 9.3.1;
						LastSwiftMigration = 1110;
						TestTargetID = AF711AA021DFAD6C005CA4FA;
					};
				};
			};
			buildConfigurationList = AF711A9C21DFAD6C005CA4FA /* Build configuration list for PBXProject "CommFusion" */;
			compatibilityVersion = "Xcode 12.0";
			developmentRegion = en;
			hasScannedForEncodings = 0;
			knownRegions = (
				en,
				Base,
			);
			mainGroup = AF711A9821DFAD6C005CA4FA;
			productRefGroup = AF711AA221DFAD6C005CA4FA /* Products */;
			projectDirPath = "";
			projectRoot = "";
			targets = (
				AF711AA021DFAD6C005CA4FA /* CommFusion */,
				AF711AB421DFAD6E005CA4FA /* CommFusionTests */,
				AF711ABF21DFAD6E005CA4FA /* CommFusionUITests */,
			);
		};
/* End PBXProject section */

/* Begin PBXResourcesBuildPhase section */
		AF711A9F21DFAD6C005CA4FA /* Resources */ = {
			isa = PBXResourcesBuildPhase;
			buildActionMask = 2147483647;
			files = (
				65BFA2B02B77743A007E73A8 /* giphy.gif in Resources */,
				65A986E32B7C9C650011753C /* loser.mp3 in Resources */,
				AF711AAF21DFAD6E005CA4FA /* LaunchScreen.storyboard in Resources */,
				AFBCD53121E8F52B00694C14 /* like_filled.png in Resources */,
				65A986DF2B7C9C4F0011753C /* perfect.mp3 in Resources */,
				AF711AAA21DFAD6C005CA4FA /* Main.storyboard in Resources */,
				65BFA2B82B7783F8007E73A8 /* test.gif in Resources */,
				65A986DB2B7C9C180011753C /* baby.mp3 in Resources */,
				AFBCD53621E8F63A00694C14 /* like_border.png in Resources */,
				65A01BB32B6E19D5007AC395 /* Assets.xcassets in Resources */,
				AFB7E9B121E56D8B00A0E27A /* sample.mp4 in Resources */,
			);
			runOnlyForDeploymentPostprocessing = 0;
		};
		AF711AB321DFAD6E005CA4FA /* Resources */ = {
			isa = PBXResourcesBuildPhase;
			buildActionMask = 2147483647;
			files = (
			);
			runOnlyForDeploymentPostprocessing = 0;
		};
		AF711ABE21DFAD6E005CA4FA /* Resources */ = {
			isa = PBXResourcesBuildPhase;
			buildActionMask = 2147483647;
			files = (
			);
			runOnlyForDeploymentPostprocessing = 0;
		};
/* End PBXResourcesBuildPhase section */

/* Begin PBXShellScriptBuildPhase section */
		1D17FB21E9F0753D420802C5 /* [CP] Check Pods Manifest.lock */ = {
			isa = PBXShellScriptBuildPhase;
			buildActionMask = 2147483647;
			files = (
			);
			inputFileListPaths = (
			);
			inputPaths = (
				"${PODS_PODFILE_DIR_PATH}/Podfile.lock",
				"${PODS_ROOT}/Manifest.lock",
			);
			name = "[CP] Check Pods Manifest.lock";
			outputFileListPaths = (
			);
			outputPaths = (
				"$(DERIVED_FILE_DIR)/Pods-SimpleWebRTC-checkManifestLockResult.txt",
			);
			runOnlyForDeploymentPostprocessing = 0;
			shellPath = /bin/sh;
			shellScript = "diff \"${PODS_PODFILE_DIR_PATH}/Podfile.lock\" \"${PODS_ROOT}/Manifest.lock\" > /dev/null\nif [ $? != 0 ] ; then\n    # print error to STDERR\n    echo \"error: The sandbox is not in sync with the Podfile.lock. Run 'pod install' or update your CocoaPods installation.\" >&2\n    exit 1\nfi\n# This output is used by Xcode 'outputs' to avoid re-running this script phase.\necho \"SUCCESS\" > \"${SCRIPT_OUTPUT_FILE_0}\"\n";
			showEnvVarsInLog = 0;
		};
		B9746F480CC96803D460C7CB /* [CP] Embed Pods Frameworks */ = {
			isa = PBXShellScriptBuildPhase;
			buildActionMask = 2147483647;
			files = (
			);
			inputFileListPaths = (
				"${PODS_ROOT}/Target Support Files/Pods-SimpleWebRTC/Pods-SimpleWebRTC-frameworks-${CONFIGURATION}-input-files.xcfilelist",
			);
			name = "[CP] Embed Pods Frameworks";
			outputFileListPaths = (
				"${PODS_ROOT}/Target Support Files/Pods-SimpleWebRTC/Pods-SimpleWebRTC-frameworks-${CONFIGURATION}-output-files.xcfilelist",
			);
			runOnlyForDeploymentPostprocessing = 0;
			shellPath = /bin/sh;
			shellScript = "\"${PODS_ROOT}/Target Support Files/Pods-SimpleWebRTC/Pods-SimpleWebRTC-frameworks.sh\"\n";
			showEnvVarsInLog = 0;
		};
/* End PBXShellScriptBuildPhase section */

/* Begin PBXSourcesBuildPhase section */
		AF711A9D21DFAD6C005CA4FA /* Sources */ = {
			isa = PBXSourcesBuildPhase;
			buildActionMask = 2147483647;
			files = (
				378B38D82365C2A8002C5E8B /* CameraFilter.swift in Sources */,
				65736E5A2BD6C914001D7418 /* webSockets.swift in Sources */,
				65A986FC2B7CF10B0011753C /* CallerViewController.swift in Sources */,
				AF15C0B721E54EB1005B4ED6 /* SignalingCandidate.swift in Sources */,
				65A986E72B7C9CA40011753C /* NotificationsViewController.swift in Sources */,
				AF711AA721DFAD6C005CA4FA /* ViewController.swift in Sources */,
				65CE5D422B7696F700771A84 /* PlayerLessonsViewController.swift in Sources */,
				652C0AEE2BBC0A0C00D89A57 /* lessonsStrct.swift in Sources */,
				AF90A8E0220CF07A0083687C /* RTCCustomFrameCapture.swift in Sources */,
				651E5C002BA4609C005DB71C /* CallTranscriptionViewController.swift in Sources */,
				6574CA852B8F197000B80C11 /* intermediatelevelViewController.swift in Sources */,
				AF15C0B221E422D9005B4ED6 /* UIViewExtention.swift in Sources */,
				6577F5272B790EE9005AD8AD /* UploadCapturedImageViewController.swift in Sources */,
				656168BF2B72A80B0006E5D2 /* DetailedContactsTableViewCell.swift in Sources */,
				65960B9B2B70E1EE00BC6EB2 /* SignUpViewController.swift in Sources */,
				65E207822B73F9FC00978CAC /* CallLogsViewController.swift in Sources */,
				65C2B3752B79F22300A916E6 /* settingsViewController.swift in Sources */,
				651AD82C2B7B49E800D94D1B /* GeneralSettingsViewController.swift in Sources */,
				6573B4812B716DFA000DD658 /* ContactTableTableViewCell.swift in Sources */,
				65182F312B8DFC3000199D36 /* beginnerlevelViewController.swift in Sources */,
				AF711ADD21E14DDC005CA4FA /* ScreenSizeUtil.swift in Sources */,
				AF60114024547E7B00E6E407 /* RTCSimulatorVideoDecoderFactory.swift in Sources */,
				656168BB2B724FA70006E5D2 /* ContactsViewController.swift in Sources */,
				65861D922B77ECF30038A38D /* FavoriteSignsTableViewCell.swift in Sources */,
				AF711AA521DFAD6C005CA4FA /* AppDelegate.swift in Sources */,
				AF15C0B521E4F1F7005B4ED6 /* SignalingMessage.swift in Sources */,
				6574CA892B8F198E00B80C11 /* expertlevelViewController.swift in Sources */,
				65E207772B73A7E000978CAC /* AddFriendTableViewCell.swift in Sources */,
				658E03352B6FF72100BEDE73 /* LoginToAccountViewController.swift in Sources */,
				AFBCD53421E8F55900694C14 /* UIDeviceExtention.swift in Sources */,
				657F46732B8FB3DD00B391A6 /* LessonsListViewController.swift in Sources */,
				65E813A72B98C726006424B6 /* ServerIP.swift in Sources */,
				AF601142245481FC00E6E407 /* RTCSimluatorVideoEncoderFactory.swift in Sources */,
				AF90A8E3220D00D60083687C /* CameraSession.swift in Sources */,
				65E207862B73FA3100978CAC /* leassonsViewController.swift in Sources */,
				6573B4772B716AAE000DD658 /* onlineContactsViewController.swift in Sources */,
				65861D982B77EEED0038A38D /* FavoriteLectureViewController.swift in Sources */,
				6577F5142B78BB39005AD8AD /* CustomSignsViewController.swift in Sources */,
				65E2078A2B74061100978CAC /* UserProfileViewController.swift in Sources */,
				650950672B945FC400035C85 /* APIWrapper.swift in Sources */,
				AF711ADA21E1454E005CA4FA /* WebRTCClient.swift in Sources */,
				658DBD8D2B7DE9B700F26D96 /* CallRecieverViewController.swift in Sources */,
				6577F5102B78B650005AD8AD /* CustomSignsTableViewCell.swift in Sources */,
				657F46782B8FB52300B391A6 /* Custom_LessonsListCollectionViewCell.swift in Sources */,
				6509506B2B9488AD00035C85 /* UserStrct.swift in Sources */,
				65E2077C2B73A99E00978CAC /* AddContactViewController.swift in Sources */,
				65C2B37B2B7A157400A916E6 /* ProfileSettingsViewController.swift in Sources */,
				65A986F12B7CA8240011753C /* aboutAppViewController.swift in Sources */,
				6577F51A2B78CE58005AD8AD /* AddCustomSignsViewController.swift in Sources */,
				AFAF58EA21EA0AD300609BB7 /* UIColorExtention.swift in Sources */,
				65CE5D3D2B75FCCF00771A84 /* CallLogsTableTableViewCell.swift in Sources */,
				65A986ED2B7CA3250011753C /* termsConditionViewController.swift in Sources */,
				651E5C0A2BA466DC005DB71C /* CallTranscriptionTableViewCell.swift in Sources */,
				65E199572B7E244600149118 /* VideoCallViewController.swift in Sources */,
				658E032F2B6F618100BEDE73 /* loginViewController.swift in Sources */,
			);
			runOnlyForDeploymentPostprocessing = 0;
		};
		AF711AB121DFAD6E005CA4FA /* Sources */ = {
			isa = PBXSourcesBuildPhase;
			buildActionMask = 2147483647;
			files = (
				AF711ABA21DFAD6E005CA4FA /* SimpleWebRTCTests.swift in Sources */,
			);
			runOnlyForDeploymentPostprocessing = 0;
		};
		AF711ABC21DFAD6E005CA4FA /* Sources */ = {
			isa = PBXSourcesBuildPhase;
			buildActionMask = 2147483647;
			files = (
				AF711AC521DFAD6E005CA4FA /* SimpleWebRTCUITests.swift in Sources */,
			);
			runOnlyForDeploymentPostprocessing = 0;
		};
/* End PBXSourcesBuildPhase section */

/* Begin PBXTargetDependency section */
		AF711AB721DFAD6E005CA4FA /* PBXTargetDependency */ = {
			isa = PBXTargetDependency;
			target = AF711AA021DFAD6C005CA4FA /* CommFusion */;
			targetProxy = AF711AB621DFAD6E005CA4FA /* PBXContainerItemProxy */;
		};
		AF711AC221DFAD6E005CA4FA /* PBXTargetDependency */ = {
			isa = PBXTargetDependency;
			target = AF711AA021DFAD6C005CA4FA /* CommFusion */;
			targetProxy = AF711AC121DFAD6E005CA4FA /* PBXContainerItemProxy */;
		};
/* End PBXTargetDependency section */

/* Begin PBXVariantGroup section */
		AF711AA821DFAD6C005CA4FA /* Main.storyboard */ = {
			isa = PBXVariantGroup;
			children = (
				AF711AA921DFAD6C005CA4FA /* Base */,
			);
			name = Main.storyboard;
			sourceTree = "<group>";
		};
		AF711AAD21DFAD6E005CA4FA /* LaunchScreen.storyboard */ = {
			isa = PBXVariantGroup;
			children = (
				AF711AAE21DFAD6E005CA4FA /* Base */,
			);
			name = LaunchScreen.storyboard;
			sourceTree = "<group>";
		};
/* End PBXVariantGroup section */

/* Begin XCBuildConfiguration section */
		AF711AC721DFAD6E005CA4FA /* Debug */ = {
			isa = XCBuildConfiguration;
			buildSettings = {
				ALWAYS_SEARCH_USER_PATHS = NO;
				CLANG_ANALYZER_NONNULL = YES;
				CLANG_ANALYZER_NUMBER_OBJECT_CONVERSION = YES_AGGRESSIVE;
				CLANG_CXX_LANGUAGE_STANDARD = "gnu++14";
				CLANG_CXX_LIBRARY = "libc++";
				CLANG_ENABLE_MODULES = YES;
				CLANG_ENABLE_OBJC_ARC = YES;
				CLANG_ENABLE_OBJC_WEAK = YES;
				CLANG_WARN_BLOCK_CAPTURE_AUTORELEASING = YES;
				CLANG_WARN_BOOL_CONVERSION = YES;
				CLANG_WARN_COMMA = YES;
				CLANG_WARN_CONSTANT_CONVERSION = YES;
				CLANG_WARN_DEPRECATED_OBJC_IMPLEMENTATIONS = YES;
				CLANG_WARN_DIRECT_OBJC_ISA_USAGE = YES_ERROR;
				CLANG_WARN_DOCUMENTATION_COMMENTS = YES;
				CLANG_WARN_EMPTY_BODY = YES;
				CLANG_WARN_ENUM_CONVERSION = YES;
				CLANG_WARN_INFINITE_RECURSION = YES;
				CLANG_WARN_INT_CONVERSION = YES;
				CLANG_WARN_NON_LITERAL_NULL_CONVERSION = YES;
				CLANG_WARN_OBJC_IMPLICIT_RETAIN_SELF = YES;
				CLANG_WARN_OBJC_LITERAL_CONVERSION = YES;
				CLANG_WARN_OBJC_ROOT_CLASS = YES_ERROR;
				CLANG_WARN_RANGE_LOOP_ANALYSIS = YES;
				CLANG_WARN_STRICT_PROTOTYPES = YES;
				CLANG_WARN_SUSPICIOUS_MOVE = YES;
				CLANG_WARN_UNGUARDED_AVAILABILITY = YES_AGGRESSIVE;
				CLANG_WARN_UNREACHABLE_CODE = YES;
				CLANG_WARN__DUPLICATE_METHOD_MATCH = YES;
				CODE_SIGN_IDENTITY = "iPhone Developer";
				COPY_PHASE_STRIP = NO;
				DEBUG_INFORMATION_FORMAT = dwarf;
				ENABLE_STRICT_OBJC_MSGSEND = YES;
				ENABLE_TESTABILITY = YES;
				GCC_C_LANGUAGE_STANDARD = gnu11;
				GCC_DYNAMIC_NO_PIC = NO;
				GCC_NO_COMMON_BLOCKS = YES;
				GCC_OPTIMIZATION_LEVEL = 0;
				GCC_PREPROCESSOR_DEFINITIONS = (
					"DEBUG=1",
					"$(inherited)",
				);
				GCC_WARN_64_TO_32_BIT_CONVERSION = YES;
				GCC_WARN_ABOUT_RETURN_TYPE = YES_ERROR;
				GCC_WARN_UNDECLARED_SELECTOR = YES;
				GCC_WARN_UNINITIALIZED_AUTOS = YES_AGGRESSIVE;
				GCC_WARN_UNUSED_FUNCTION = YES;
				GCC_WARN_UNUSED_VARIABLE = YES;
				IPHONEOS_DEPLOYMENT_TARGET = 11.3;
				MTL_ENABLE_DEBUG_INFO = YES;
				ONLY_ACTIVE_ARCH = YES;
				SDKROOT = iphoneos;
				SWIFT_ACTIVE_COMPILATION_CONDITIONS = DEBUG;
				SWIFT_OPTIMIZATION_LEVEL = "-Onone";
			};
			name = Debug;
		};
		AF711AC821DFAD6E005CA4FA /* Release */ = {
			isa = XCBuildConfiguration;
			buildSettings = {
				ALWAYS_SEARCH_USER_PATHS = NO;
				CLANG_ANALYZER_NONNULL = YES;
				CLANG_ANALYZER_NUMBER_OBJECT_CONVERSION = YES_AGGRESSIVE;
				CLANG_CXX_LANGUAGE_STANDARD = "gnu++14";
				CLANG_CXX_LIBRARY = "libc++";
				CLANG_ENABLE_MODULES = YES;
				CLANG_ENABLE_OBJC_ARC = YES;
				CLANG_ENABLE_OBJC_WEAK = YES;
				CLANG_WARN_BLOCK_CAPTURE_AUTORELEASING = YES;
				CLANG_WARN_BOOL_CONVERSION = YES;
				CLANG_WARN_COMMA = YES;
				CLANG_WARN_CONSTANT_CONVERSION = YES;
				CLANG_WARN_DEPRECATED_OBJC_IMPLEMENTATIONS = YES;
				CLANG_WARN_DIRECT_OBJC_ISA_USAGE = YES_ERROR;
				CLANG_WARN_DOCUMENTATION_COMMENTS = YES;
				CLANG_WARN_EMPTY_BODY = YES;
				CLANG_WARN_ENUM_CONVERSION = YES;
				CLANG_WARN_INFINITE_RECURSION = YES;
				CLANG_WARN_INT_CONVERSION = YES;
				CLANG_WARN_NON_LITERAL_NULL_CONVERSION = YES;
				CLANG_WARN_OBJC_IMPLICIT_RETAIN_SELF = YES;
				CLANG_WARN_OBJC_LITERAL_CONVERSION = YES;
				CLANG_WARN_OBJC_ROOT_CLASS = YES_ERROR;
				CLANG_WARN_RANGE_LOOP_ANALYSIS = YES;
				CLANG_WARN_STRICT_PROTOTYPES = YES;
				CLANG_WARN_SUSPICIOUS_MOVE = YES;
				CLANG_WARN_UNGUARDED_AVAILABILITY = YES_AGGRESSIVE;
				CLANG_WARN_UNREACHABLE_CODE = YES;
				CLANG_WARN__DUPLICATE_METHOD_MATCH = YES;
				CODE_SIGN_IDENTITY = "iPhone Developer";
				COPY_PHASE_STRIP = NO;
				DEBUG_INFORMATION_FORMAT = "dwarf-with-dsym";
				ENABLE_NS_ASSERTIONS = NO;
				ENABLE_STRICT_OBJC_MSGSEND = YES;
				GCC_C_LANGUAGE_STANDARD = gnu11;
				GCC_NO_COMMON_BLOCKS = YES;
				GCC_WARN_64_TO_32_BIT_CONVERSION = YES;
				GCC_WARN_ABOUT_RETURN_TYPE = YES_ERROR;
				GCC_WARN_UNDECLARED_SELECTOR = YES;
				GCC_WARN_UNINITIALIZED_AUTOS = YES_AGGRESSIVE;
				GCC_WARN_UNUSED_FUNCTION = YES;
				GCC_WARN_UNUSED_VARIABLE = YES;
				IPHONEOS_DEPLOYMENT_TARGET = 11.3;
				MTL_ENABLE_DEBUG_INFO = NO;
				SDKROOT = iphoneos;
				SWIFT_COMPILATION_MODE = wholemodule;
				SWIFT_OPTIMIZATION_LEVEL = "-O";
				VALIDATE_PRODUCT = YES;
			};
			name = Release;
		};
		AF711ACA21DFAD6E005CA4FA /* Debug */ = {
			isa = XCBuildConfiguration;
			baseConfigurationReference = B5DACD71B3184D32AC0E6486 /* Pods-SimpleWebRTC.debug.xcconfig */;
			buildSettings = {
				ASSETCATALOG_COMPILER_APPICON_NAME = AppIcon;
				CLANG_USE_OPTIMIZATION_PROFILE = NO;
				CODE_SIGN_IDENTITY = "iPhone Developer";
				CODE_SIGN_STYLE = Automatic;
				DEVELOPMENT_TEAM = SNQ78848GL;
				ENABLE_BITCODE = NO;
				FRAMEWORK_SEARCH_PATHS = (
					"$(inherited)",
					"$(PROJECT_DIR)",
				);
				INFOPLIST_FILE = CommFusion/Info.plist;
				IPHONEOS_DEPLOYMENT_TARGET = 14.4;
				LD_RUNPATH_SEARCH_PATHS = (
					"$(inherited)",
					"@executable_path/Frameworks",
				);
				"OTHER_CODE_SIGN_FLAGS[sdk=*]" = "--generate-entitlement-der";
				PRODUCT_BUNDLE_IDENTIFIER = junaid.fyp.webRTC;
				PRODUCT_NAME = "$(TARGET_NAME)";
				PROVISIONING_PROFILE_SPECIFIER = "";
				SWIFT_VERSION = 5.0;
				TARGETED_DEVICE_FAMILY = "1,2";
			};
			name = Debug;
		};
		AF711ACB21DFAD6E005CA4FA /* Release */ = {
			isa = XCBuildConfiguration;
			baseConfigurationReference = 7F4274DC71E55AEEBAA4537D /* Pods-SimpleWebRTC.release.xcconfig */;
			buildSettings = {
				ASSETCATALOG_COMPILER_APPICON_NAME = AppIcon;
				CLANG_USE_OPTIMIZATION_PROFILE = NO;
				CODE_SIGN_IDENTITY = "iPhone Developer";
				CODE_SIGN_STYLE = Automatic;
				DEVELOPMENT_TEAM = SNQ78848GL;
				ENABLE_BITCODE = NO;
				FRAMEWORK_SEARCH_PATHS = (
					"$(inherited)",
					"$(PROJECT_DIR)",
				);
				INFOPLIST_FILE = CommFusion/Info.plist;
				IPHONEOS_DEPLOYMENT_TARGET = 14.4;
				LD_RUNPATH_SEARCH_PATHS = (
					"$(inherited)",
					"@executable_path/Frameworks",
				);
				"OTHER_CODE_SIGN_FLAGS[sdk=*]" = "--generate-entitlement-der";
				PRODUCT_BUNDLE_IDENTIFIER = junaid.fyp.webRTC;
				PRODUCT_NAME = "$(TARGET_NAME)";
				PROVISIONING_PROFILE_SPECIFIER = "";
				SWIFT_VERSION = 5.0;
				TARGETED_DEVICE_FAMILY = "1,2";
			};
			name = Release;
		};
		AF711ACD21DFAD6E005CA4FA /* Debug */ = {
			isa = XCBuildConfiguration;
			buildSettings = {
				ALWAYS_EMBED_SWIFT_STANDARD_LIBRARIES = YES;
				BUNDLE_LOADER = "$(TEST_HOST)";
				CODE_SIGN_STYLE = Automatic;
				DEVELOPMENT_TEAM = SNQ78848GL;
				INFOPLIST_FILE = SimpleWebRTCTests/Info.plist;
				LD_RUNPATH_SEARCH_PATHS = (
					"$(inherited)",
					"@executable_path/Frameworks",
					"@loader_path/Frameworks",
				);
				PRODUCT_BUNDLE_IDENTIFIER = test.SimpleWebRTCTests;
				PRODUCT_NAME = "$(TARGET_NAME)";
				SWIFT_VERSION = 5.0;
				TARGETED_DEVICE_FAMILY = "1,2";
				TEST_HOST = "$(BUILT_PRODUCTS_DIR)/CommFusion.app/CommFusion";
			};
			name = Debug;
		};
		AF711ACE21DFAD6E005CA4FA /* Release */ = {
			isa = XCBuildConfiguration;
			buildSettings = {
				ALWAYS_EMBED_SWIFT_STANDARD_LIBRARIES = YES;
				BUNDLE_LOADER = "$(TEST_HOST)";
				CODE_SIGN_STYLE = Automatic;
				DEVELOPMENT_TEAM = SNQ78848GL;
				INFOPLIST_FILE = SimpleWebRTCTests/Info.plist;
				LD_RUNPATH_SEARCH_PATHS = (
					"$(inherited)",
					"@executable_path/Frameworks",
					"@loader_path/Frameworks",
				);
				PRODUCT_BUNDLE_IDENTIFIER = test.SimpleWebRTCTests;
				PRODUCT_NAME = "$(TARGET_NAME)";
				SWIFT_VERSION = 5.0;
				TARGETED_DEVICE_FAMILY = "1,2";
				TEST_HOST = "$(BUILT_PRODUCTS_DIR)/CommFusion.app/CommFusion";
			};
			name = Release;
		};
		AF711AD021DFAD6E005CA4FA /* Debug */ = {
			isa = XCBuildConfiguration;
			buildSettings = {
				ALWAYS_EMBED_SWIFT_STANDARD_LIBRARIES = YES;
				CODE_SIGN_STYLE = Automatic;
				DEVELOPMENT_TEAM = SNQ78848GL;
				INFOPLIST_FILE = SimpleWebRTCUITests/Info.plist;
				LD_RUNPATH_SEARCH_PATHS = (
					"$(inherited)",
					"@executable_path/Frameworks",
					"@loader_path/Frameworks",
				);
				PRODUCT_BUNDLE_IDENTIFIER = test.SimpleWebRTCUITests;
				PRODUCT_NAME = "$(TARGET_NAME)";
				SWIFT_VERSION = 5.0;
				TARGETED_DEVICE_FAMILY = "1,2";
				TEST_TARGET_NAME = SimpleWebRTC;
			};
			name = Debug;
		};
		AF711AD121DFAD6E005CA4FA /* Release */ = {
			isa = XCBuildConfiguration;
			buildSettings = {
				ALWAYS_EMBED_SWIFT_STANDARD_LIBRARIES = YES;
				CODE_SIGN_STYLE = Automatic;
				DEVELOPMENT_TEAM = SNQ78848GL;
				INFOPLIST_FILE = SimpleWebRTCUITests/Info.plist;
				LD_RUNPATH_SEARCH_PATHS = (
					"$(inherited)",
					"@executable_path/Frameworks",
					"@loader_path/Frameworks",
				);
				PRODUCT_BUNDLE_IDENTIFIER = test.SimpleWebRTCUITests;
				PRODUCT_NAME = "$(TARGET_NAME)";
				SWIFT_VERSION = 5.0;
				TARGETED_DEVICE_FAMILY = "1,2";
				TEST_TARGET_NAME = SimpleWebRTC;
			};
			name = Release;
		};
/* End XCBuildConfiguration section */

/* Begin XCConfigurationList section */
		AF711A9C21DFAD6C005CA4FA /* Build configuration list for PBXProject "CommFusion" */ = {
			isa = XCConfigurationList;
			buildConfigurations = (
				AF711AC721DFAD6E005CA4FA /* Debug */,
				AF711AC821DFAD6E005CA4FA /* Release */,
			);
			defaultConfigurationIsVisible = 0;
			defaultConfigurationName = Release;
		};
		AF711AC921DFAD6E005CA4FA /* Build configuration list for PBXNativeTarget "CommFusion" */ = {
			isa = XCConfigurationList;
			buildConfigurations = (
				AF711ACA21DFAD6E005CA4FA /* Debug */,
				AF711ACB21DFAD6E005CA4FA /* Release */,
			);
			defaultConfigurationIsVisible = 0;
			defaultConfigurationName = Release;
		};
		AF711ACC21DFAD6E005CA4FA /* Build configuration list for PBXNativeTarget "CommFusionTests" */ = {
			isa = XCConfigurationList;
			buildConfigurations = (
				AF711ACD21DFAD6E005CA4FA /* Debug */,
				AF711ACE21DFAD6E005CA4FA /* Release */,
			);
			defaultConfigurationIsVisible = 0;
			defaultConfigurationName = Release;
		};
		AF711ACF21DFAD6E005CA4FA /* Build configuration list for PBXNativeTarget "CommFusionUITests" */ = {
			isa = XCConfigurationList;
			buildConfigurations = (
				AF711AD021DFAD6E005CA4FA /* Debug */,
				AF711AD121DFAD6E005CA4FA /* Release */,
			);
			defaultConfigurationIsVisible = 0;
			defaultConfigurationName = Release;
		};
/* End XCConfigurationList section */
	};
	rootObject = AF711A9921DFAD6C005CA4FA /* Project object */;
}
